version = 1
revision = 1
requires-python = ">=3.13"

[[package]]
name = "altair"
version = "5.5.0"
source = { registry = "https://pypi.org/simple" }
dependencies = [
    { name = "jinja2" },
    { name = "jsonschema" },
    { name = "narwhals" },
    { name = "packaging" },
    { name = "typing-extensions", marker = "python_full_version < '3.14'" },
]
sdist = { url = "https://files.pythonhosted.org/packages/16/b1/f2969c7bdb8ad8bbdda031687defdce2c19afba2aa2c8e1d2a17f78376d8/altair-5.5.0.tar.gz", hash = "sha256:d960ebe6178c56de3855a68c47b516be38640b73fb3b5111c2a9ca90546dd73d", size = 705305 }
wheels = [
    { url = "https://files.pythonhosted.org/packages/aa/f3/0b6ced594e51cc95d8c1fc1640d3623770d01e4969d29c0bd09945fafefa/altair-5.5.0-py3-none-any.whl", hash = "sha256:91a310b926508d560fe0148d02a194f38b824122641ef528113d029fcd129f8c", size = 731200 },
]

[[package]]
name = "arro3-core"
version = "0.4.6"
source = { registry = "https://pypi.org/simple" }
wheels = [
    { url = "https://files.pythonhosted.org/packages/8a/67/b5a5f06035972e4613dfe5433e4d11f6bd0f0a1665ad88fb70e4b5ed1ef5/arro3_core-0.4.6-cp313-cp313-macosx_10_12_x86_64.whl", hash = "sha256:ec9b1969858257bef233516a626b06596524121057523a2cc3412366d7f69309", size = 2305374 },
    { url = "https://files.pythonhosted.org/packages/d5/03/81a30777c55a6eb080af669e28ac59872d1dcce0ea9cc44bca206ddc1daa/arro3_core-0.4.6-cp313-cp313-macosx_11_0_arm64.whl", hash = "sha256:7365673fbec5a07d5dddf93304369555e3bef5679db9dde1031291d3d1a8a705", size = 2022986 },
    { url = "https://files.pythonhosted.org/packages/15/cf/e3d31ee19a1e9b77f39e5dcc15c0f2d2dc0880009dd427a50760a5118a85/arro3_core-0.4.6-cp313-cp313-manylinux_2_17_armv7l.manylinux2014_armv7l.whl", hash = "sha256:a1ad36deb9679b14e18f89f7baeab84a1b849705981a246c851a2eec1f51bc4e", size = 2486829 },
    { url = "https://files.pythonhosted.org/packages/af/11/b314d459a37808e739f6fda7b43191e32903ace512104aa63d62dbd7c42b/arro3_core-0.4.6-cp313-cp313-manylinux_2_17_ppc64le.manylinux2014_ppc64le.whl", hash = "sha256:a49b83ea12551439d849ccc96f389c04353ab7c11343fa2c83a775b59551a73c", size = 2405204 },
    { url = "https://files.pythonhosted.org/packages/fe/a0/22bfe24742acfdd3b37cc68f4e0015e6d4e35e24d6b39fdcf08bc3f77295/arro3_core-0.4.6-cp313-cp313-manylinux_2_17_s390x.manylinux2014_s390x.whl", hash = "sha256:6ecc1292ceb721e9fb6d50be16f556cc61db4050ec26f3d10f58d4b9a7cca50d", size = 3336385 },
    { url = "https://files.pythonhosted.org/packages/ea/d4/4c35efcb9ae64ce224f82ccaf6e513aeedb6c43a1f0b0ba2f2cd81b98e40/arro3_core-0.4.6-cp313-cp313-manylinux_2_17_x86_64.manylinux2014_x86_64.whl", hash = "sha256:c07689409a5950794a724ce315e27e0ff7e5d21235a7bc84271601b96febbf07", size = 2407329 },
    { url = "https://files.pythonhosted.org/packages/88/7e/3077a07587a8655c642c7c215dc98d0c5dc6e74c2ebf67fc756e2cc1a2ec/arro3_core-0.4.6-cp313-cp313-manylinux_2_24_aarch64.whl", hash = "sha256:d3d3938342949d05e079b8f8fcf26e0c77ed674a40df4eee40e20dcdef6da67e", size = 2166951 },
    { url = "https://files.pythonhosted.org/packages/61/04/33797dae797045ae70230d4bc56fd65d10ff17357ac7067ea4fb7e3be712/arro3_core-0.4.6-cp313-cp313-manylinux_2_5_i686.manylinux1_i686.whl", hash = "sha256:eaf92f8418e670ab32dbb6decd5490d49cdac9ab763737dc63551dfb751d9ee3", size = 2584396 },
    { url = "https://files.pythonhosted.org/packages/94/5e/b53ba2277e458f7f20e67879a7b2aef616dd5d80fd62376d6c8baef52d59/arro3_core-0.4.6-cp313-cp313-musllinux_1_2_aarch64.whl", hash = "sha256:a0425774da6aea06ad8fef05778d9ac3c0e1c99bb0f5c3f466f70345aca05750", size = 2309280 },
    { url = "https://files.pythonhosted.org/packages/72/0a/5e85d21d756c7e93cd0e91b477f0458a06e200938c9d50536f2528acc48a/arro3_core-0.4.6-cp313-cp313-musllinux_1_2_armv7l.whl", hash = "sha256:5d0f2efb57540222abd22a1929caf44975bee02d47595a6b8b77a3a20e1e2e47", size = 2747742 },
    { url = "https://files.pythonhosted.org/packages/70/53/25884a19251a4b025443b30dd21b95162dfc326557cd518837f71de5655b/arro3_core-0.4.6-cp313-cp313-musllinux_1_2_i686.whl", hash = "sha256:e37fb193ac79eeb6aac3071264da7679e27eb817267681ef3c2774160f37fbb1", size = 2652235 },
    { url = "https://files.pythonhosted.org/packages/5e/5c/267ef3c8c1ffa84e1e551a2868eb59b93321cc149199133e648249a7f3c3/arro3_core-0.4.6-cp313-cp313-musllinux_1_2_x86_64.whl", hash = "sha256:d510c9fa65a473c2eb61bcae6b14fea90fbe23b242cdd51ba348eef24f2a8d0f", size = 2574505 },
    { url = "https://files.pythonhosted.org/packages/16/01/4b6ea2bfebc0c3969ee1d67d25d4361ddac6c40f1b6a1ab93a5b92fa2b47/arro3_core-0.4.6-cp313-cp313-win_amd64.whl", hash = "sha256:e6fa834dcd30b140cdfd6b19975a01b2e36f506464e569ca4bf368e13f6550bb", size = 2460117 },
]

[[package]]
name = "attrs"
version = "25.3.0"
source = { registry = "https://pypi.org/simple" }
sdist = { url = "https://files.pythonhosted.org/packages/5a/b0/1367933a8532ee6ff8d63537de4f1177af4bff9f3e829baf7331f595bb24/attrs-25.3.0.tar.gz", hash = "sha256:75d7cefc7fb576747b2c81b4442d4d4a1ce0900973527c011d1030fd3bf4af1b", size = 812032 }
wheels = [
    { url = "https://files.pythonhosted.org/packages/77/06/bb80f5f86020c4551da315d78b3ab75e8228f89f0162f2c3a819e407941a/attrs-25.3.0-py3-none-any.whl", hash = "sha256:427318ce031701fea540783410126f03899a97ffc6f61596ad581ac2e40e3bc3", size = 63815 },
]

[[package]]
name = "jinja2"
version = "3.1.6"
source = { registry = "https://pypi.org/simple" }
dependencies = [
    { name = "markupsafe" },
]
sdist = { url = "https://files.pythonhosted.org/packages/df/bf/f7da0350254c0ed7c72f3e33cef02e048281fec7ecec5f032d4aac52226b/jinja2-3.1.6.tar.gz", hash = "sha256:0137fb05990d35f1275a587e9aee6d56da821fc83491a0fb838183be43f66d6d", size = 245115 }
wheels = [
    { url = "https://files.pythonhosted.org/packages/62/a1/3d680cbfd5f4b8f15abc1d571870c5fc3e594bb582bc3b64ea099db13e56/jinja2-3.1.6-py3-none-any.whl", hash = "sha256:85ece4451f492d0c13c5dd7c13a64681a86afae63a5f347908daf103ce6d2f67", size = 134899 },
]

[[package]]
name = "jsonschema"
version = "4.23.0"
source = { registry = "https://pypi.org/simple" }
dependencies = [
    { name = "attrs" },
    { name = "jsonschema-specifications" },
    { name = "referencing" },
    { name = "rpds-py" },
]
sdist = { url = "https://files.pythonhosted.org/packages/38/2e/03362ee4034a4c917f697890ccd4aec0800ccf9ded7f511971c75451deec/jsonschema-4.23.0.tar.gz", hash = "sha256:d71497fef26351a33265337fa77ffeb82423f3ea21283cd9467bb03999266bc4", size = 325778 }
wheels = [
    { url = "https://files.pythonhosted.org/packages/69/4a/4f9dbeb84e8850557c02365a0eee0649abe5eb1d84af92a25731c6c0f922/jsonschema-4.23.0-py3-none-any.whl", hash = "sha256:fbadb6f8b144a8f8cf9f0b89ba94501d143e50411a1278633f56a7acf7fd5566", size = 88462 },
]

[[package]]
name = "jsonschema-specifications"
version = "2025.4.1"
source = { registry = "https://pypi.org/simple" }
dependencies = [
    { name = "referencing" },
]
sdist = { url = "https://files.pythonhosted.org/packages/bf/ce/46fbd9c8119cfc3581ee5643ea49464d168028cfb5caff5fc0596d0cf914/jsonschema_specifications-2025.4.1.tar.gz", hash = "sha256:630159c9f4dbea161a6a2205c3011cc4f18ff381b189fff48bb39b9bf26ae608", size = 15513 }
wheels = [
    { url = "https://files.pythonhosted.org/packages/01/0e/b27cdbaccf30b890c40ed1da9fd4a3593a5cf94dae54fb34f8a4b74fcd3f/jsonschema_specifications-2025.4.1-py3-none-any.whl", hash = "sha256:4653bffbd6584f7de83a67e0d620ef16900b390ddc7939d56684d6c81e33f1af", size = 18437 },
]

[[package]]
name = "markupsafe"
version = "3.0.2"
source = { registry = "https://pypi.org/simple" }
sdist = { url = "https://files.pythonhosted.org/packages/b2/97/5d42485e71dfc078108a86d6de8fa46db44a1a9295e89c5d6d4a06e23a62/markupsafe-3.0.2.tar.gz", hash = "sha256:ee55d3edf80167e48ea11a923c7386f4669df67d7994554387f84e7d8b0a2bf0", size = 20537 }
wheels = [
    { url = "https://files.pythonhosted.org/packages/83/0e/67eb10a7ecc77a0c2bbe2b0235765b98d164d81600746914bebada795e97/MarkupSafe-3.0.2-cp313-cp313-macosx_10_13_universal2.whl", hash = "sha256:ba9527cdd4c926ed0760bc301f6728ef34d841f405abf9d4f959c478421e4efd", size = 14274 },
    { url = "https://files.pythonhosted.org/packages/2b/6d/9409f3684d3335375d04e5f05744dfe7e9f120062c9857df4ab490a1031a/MarkupSafe-3.0.2-cp313-cp313-macosx_11_0_arm64.whl", hash = "sha256:f8b3d067f2e40fe93e1ccdd6b2e1d16c43140e76f02fb1319a05cf2b79d99430", size = 12352 },
    { url = "https://files.pythonhosted.org/packages/d2/f5/6eadfcd3885ea85fe2a7c128315cc1bb7241e1987443d78c8fe712d03091/MarkupSafe-3.0.2-cp313-cp313-manylinux_2_17_aarch64.manylinux2014_aarch64.whl", hash = "sha256:569511d3b58c8791ab4c2e1285575265991e6d8f8700c7be0e88f86cb0672094", size = 24122 },
    { url = "https://files.pythonhosted.org/packages/0c/91/96cf928db8236f1bfab6ce15ad070dfdd02ed88261c2afafd4b43575e9e9/MarkupSafe-3.0.2-cp313-cp313-manylinux_2_17_x86_64.manylinux2014_x86_64.whl", hash = "sha256:15ab75ef81add55874e7ab7055e9c397312385bd9ced94920f2802310c930396", size = 23085 },
    { url = "https://files.pythonhosted.org/packages/c2/cf/c9d56af24d56ea04daae7ac0940232d31d5a8354f2b457c6d856b2057d69/MarkupSafe-3.0.2-cp313-cp313-manylinux_2_5_i686.manylinux1_i686.manylinux_2_17_i686.manylinux2014_i686.whl", hash = "sha256:f3818cb119498c0678015754eba762e0d61e5b52d34c8b13d770f0719f7b1d79", size = 22978 },
    { url = "https://files.pythonhosted.org/packages/2a/9f/8619835cd6a711d6272d62abb78c033bda638fdc54c4e7f4272cf1c0962b/MarkupSafe-3.0.2-cp313-cp313-musllinux_1_2_aarch64.whl", hash = "sha256:cdb82a876c47801bb54a690c5ae105a46b392ac6099881cdfb9f6e95e4014c6a", size = 24208 },
    { url = "https://files.pythonhosted.org/packages/f9/bf/176950a1792b2cd2102b8ffeb5133e1ed984547b75db47c25a67d3359f77/MarkupSafe-3.0.2-cp313-cp313-musllinux_1_2_i686.whl", hash = "sha256:cabc348d87e913db6ab4aa100f01b08f481097838bdddf7c7a84b7575b7309ca", size = 23357 },
    { url = "https://files.pythonhosted.org/packages/ce/4f/9a02c1d335caabe5c4efb90e1b6e8ee944aa245c1aaaab8e8a618987d816/MarkupSafe-3.0.2-cp313-cp313-musllinux_1_2_x86_64.whl", hash = "sha256:444dcda765c8a838eaae23112db52f1efaf750daddb2d9ca300bcae1039adc5c", size = 23344 },
    { url = "https://files.pythonhosted.org/packages/ee/55/c271b57db36f748f0e04a759ace9f8f759ccf22b4960c270c78a394f58be/MarkupSafe-3.0.2-cp313-cp313-win32.whl", hash = "sha256:bcf3e58998965654fdaff38e58584d8937aa3096ab5354d493c77d1fdd66d7a1", size = 15101 },
    { url = "https://files.pythonhosted.org/packages/29/88/07df22d2dd4df40aba9f3e402e6dc1b8ee86297dddbad4872bd5e7b0094f/MarkupSafe-3.0.2-cp313-cp313-win_amd64.whl", hash = "sha256:e6a2a455bd412959b57a172ce6328d2dd1f01cb2135efda2e4576e8a23fa3b0f", size = 15603 },
    { url = "https://files.pythonhosted.org/packages/62/6a/8b89d24db2d32d433dffcd6a8779159da109842434f1dd2f6e71f32f738c/MarkupSafe-3.0.2-cp313-cp313t-macosx_10_13_universal2.whl", hash = "sha256:b5a6b3ada725cea8a5e634536b1b01c30bcdcd7f9c6fff4151548d5bf6b3a36c", size = 14510 },
    { url = "https://files.pythonhosted.org/packages/7a/06/a10f955f70a2e5a9bf78d11a161029d278eeacbd35ef806c3fd17b13060d/MarkupSafe-3.0.2-cp313-cp313t-macosx_11_0_arm64.whl", hash = "sha256:a904af0a6162c73e3edcb969eeeb53a63ceeb5d8cf642fade7d39e7963a22ddb", size = 12486 },
    { url = "https://files.pythonhosted.org/packages/34/cf/65d4a571869a1a9078198ca28f39fba5fbb910f952f9dbc5220afff9f5e6/MarkupSafe-3.0.2-cp313-cp313t-manylinux_2_17_aarch64.manylinux2014_aarch64.whl", hash = "sha256:4aa4e5faecf353ed117801a068ebab7b7e09ffb6e1d5e412dc852e0da018126c", size = 25480 },
    { url = "https://files.pythonhosted.org/packages/0c/e3/90e9651924c430b885468b56b3d597cabf6d72be4b24a0acd1fa0e12af67/MarkupSafe-3.0.2-cp313-cp313t-manylinux_2_17_x86_64.manylinux2014_x86_64.whl", hash = "sha256:c0ef13eaeee5b615fb07c9a7dadb38eac06a0608b41570d8ade51c56539e509d", size = 23914 },
    { url = "https://files.pythonhosted.org/packages/66/8c/6c7cf61f95d63bb866db39085150df1f2a5bd3335298f14a66b48e92659c/MarkupSafe-3.0.2-cp313-cp313t-manylinux_2_5_i686.manylinux1_i686.manylinux_2_17_i686.manylinux2014_i686.whl", hash = "sha256:d16a81a06776313e817c951135cf7340a3e91e8c1ff2fac444cfd75fffa04afe", size = 23796 },
    { url = "https://files.pythonhosted.org/packages/bb/35/cbe9238ec3f47ac9a7c8b3df7a808e7cb50fe149dc7039f5f454b3fba218/MarkupSafe-3.0.2-cp313-cp313t-musllinux_1_2_aarch64.whl", hash = "sha256:6381026f158fdb7c72a168278597a5e3a5222e83ea18f543112b2662a9b699c5", size = 25473 },
    { url = "https://files.pythonhosted.org/packages/e6/32/7621a4382488aa283cc05e8984a9c219abad3bca087be9ec77e89939ded9/MarkupSafe-3.0.2-cp313-cp313t-musllinux_1_2_i686.whl", hash = "sha256:3d79d162e7be8f996986c064d1c7c817f6df3a77fe3d6859f6f9e7be4b8c213a", size = 24114 },
    { url = "https://files.pythonhosted.org/packages/0d/80/0985960e4b89922cb5a0bac0ed39c5b96cbc1a536a99f30e8c220a996ed9/MarkupSafe-3.0.2-cp313-cp313t-musllinux_1_2_x86_64.whl", hash = "sha256:131a3c7689c85f5ad20f9f6fb1b866f402c445b220c19fe4308c0b147ccd2ad9", size = 24098 },
    { url = "https://files.pythonhosted.org/packages/82/78/fedb03c7d5380df2427038ec8d973587e90561b2d90cd472ce9254cf348b/MarkupSafe-3.0.2-cp313-cp313t-win32.whl", hash = "sha256:ba8062ed2cf21c07a9e295d5b8a2a5ce678b913b45fdf68c32d95d6c1291e0b6", size = 15208 },
    { url = "https://files.pythonhosted.org/packages/4f/65/6079a46068dfceaeabb5dcad6d674f5f5c61a6fa5673746f42a9f4c233b3/MarkupSafe-3.0.2-cp313-cp313t-win_amd64.whl", hash = "sha256:e444a31f8db13eb18ada366ab3cf45fd4b31e4db1236a4448f68778c1d1a5a2f", size = 15739 },
]

[[package]]
name = "narwhals"
version = "1.37.0"
source = { registry = "https://pypi.org/simple" }
sdist = { url = "https://files.pythonhosted.org/packages/d0/b8/8adb05ab8ad7eb13069a241081fda5653de8532078b128cd58f647f690c7/narwhals-1.37.0.tar.gz", hash = "sha256:47cb7bb63afd85e72c5260a8c6281fce88b2e12fbe18eba777b980e3dccd5a45", size = 271458 }
wheels = [
    { url = "https://files.pythonhosted.org/packages/8e/37/9f0f514d0912bc6d4b9476904b39cba1d38f5e21731552f3d52f5e594bcf/narwhals-1.37.0-py3-none-any.whl", hash = "sha256:d7df62f3bc2bf951a7ba3589cd1f6b8ed1298da281c348444d19f9c0b5a063f6", size = 331872 },
]

[[package]]
name = "packaging"
version = "25.0"
source = { registry = "https://pypi.org/simple" }
sdist = { url = "https://files.pythonhosted.org/packages/a1/d4/1fc4078c65507b51b96ca8f8c3ba19e6a61c8253c72794544580a7b6c24d/packaging-25.0.tar.gz", hash = "sha256:d443872c98d677bf60f6a1f2f8c1cb748e8fe762d2bf9d3148b5599295b0fc4f", size = 165727 }
wheels = [
    { url = "https://files.pythonhosted.org/packages/20/12/38679034af332785aac8774540895e234f4d07f7545804097de4b666afd8/packaging-25.0-py3-none-any.whl", hash = "sha256:29572ef2b1f17581046b3a2227d5c611fb25ec70ca1ba8554b24b0e69331a484", size = 66469 },
]

[[package]]
name = "polars"
version = "1.28.1"
source = { registry = "https://pypi.org/simple" }
sdist = { url = "https://files.pythonhosted.org/packages/b7/c8/68978b82f9c43c72c03c40712cce0f240cefd6753a86fdab3bc349efc175/polars-1.28.1.tar.gz", hash = "sha256:cdc0a62a1452e2daf1777e36fcf9351424cba2a588827cc32550fe0fa79dec82", size = 4560083 }
wheels = [
    { url = "https://files.pythonhosted.org/packages/92/ff/106008efae9f96389e3a7b6b91c66f3ce6ae4999b8824dc975ab0ce1e737/polars-1.28.1-cp39-abi3-macosx_10_12_x86_64.whl", hash = "sha256:8f88d2ba73a4e831eb39433fcf9c84619f8c21a3d83ce9db465b822b4321bb95", size = 34139474 },
    { url = "https://files.pythonhosted.org/packages/f3/5b/bb4692c5d3c8d46c39b51306845f841e8620340427d503beac478aa8553b/polars-1.28.1-cp39-abi3-macosx_11_0_arm64.whl", hash = "sha256:36a199344e2b6b9d5fa30d2835830965f8c7677b38a9e96b1f9be482c31c18c6", size = 31020255 },
    { url = "https://files.pythonhosted.org/packages/74/56/3a52bb13cd5bb0b20e8094bd8c7ef1850bbb5fac0ce45a55f2620031eefd/polars-1.28.1-cp39-abi3-manylinux_2_17_x86_64.manylinux2014_x86_64.whl", hash = "sha256:f37a14458a7336351ae32f199a566e784bd0b25895d0f83c6c02bd0f0c25c57d", size = 34775151 },
    { url = "https://files.pythonhosted.org/packages/f4/9b/5e6f61f07fac057b99e00e9f08e11a27f0d730a886252a215ab171682480/polars-1.28.1-cp39-abi3-manylinux_2_24_aarch64.whl", hash = "sha256:c0d209295627fbca45ebb2fa3279df291b1360685ce3f12e24f8327a79b3d384", size = 31995689 },
    { url = "https://files.pythonhosted.org/packages/3c/d9/a8c314bce6fedff7c73eb2f94627c57e3439737c811cfa34acb649ca1059/polars-1.28.1-cp39-abi3-win_amd64.whl", hash = "sha256:b1a17108e0ed3844a2e55da3a674414523aaab29299a2956cb691cdfc0db6246", size = 34894028 },
    { url = "https://files.pythonhosted.org/packages/38/21/4283323b3f07d5527d01c997bc5c15f96c98221e83b82ba70a0666fecb4c/polars-1.28.1-cp39-abi3-win_arm64.whl", hash = "sha256:35ca8ab1937e5c72496789968a53e138796e1f5156c832d52f846ef7332149d7", size = 31207900 },
]

[[package]]
name = "preshared-entanglement-sim"
version = "0.1.0"
source = { virtual = "." }
dependencies = [
    { name = "altair" },
    { name = "polars" },
    { name = "vegafusion" },
    { name = "vegafusion-python-embed" },
    { name = "vl-convert-python" },
]

[package.metadata]
requires-dist = [
    { name = "altair", specifier = ">=5.5.0" },
    { name = "polars", specifier = ">=1.28.1" },
    { name = "vegafusion", specifier = ">=2.0.2" },
    { name = "vegafusion-python-embed", specifier = ">=1.6.9" },
    { name = "vl-convert-python", specifier = ">=1.7.0" },
]

[[package]]
name = "referencing"
version = "0.36.2"
source = { registry = "https://pypi.org/simple" }
dependencies = [
    { name = "attrs" },
    { name = "rpds-py" },
]
sdist = { url = "https://files.pythonhosted.org/packages/2f/db/98b5c277be99dd18bfd91dd04e1b759cad18d1a338188c936e92f921c7e2/referencing-0.36.2.tar.gz", hash = "sha256:df2e89862cd09deabbdba16944cc3f10feb6b3e6f18e902f7cc25609a34775aa", size = 74744 }
wheels = [
    { url = "https://files.pythonhosted.org/packages/c1/b1/3baf80dc6d2b7bc27a95a67752d0208e410351e3feb4eb78de5f77454d8d/referencing-0.36.2-py3-none-any.whl", hash = "sha256:e8699adbbf8b5c7de96d8ffa0eb5c158b3beafce084968e2ea8bb08c6794dcd0", size = 26775 },
]

[[package]]
name = "rpds-py"
version = "0.24.0"
source = { registry = "https://pypi.org/simple" }
sdist = { url = "https://files.pythonhosted.org/packages/0b/b3/52b213298a0ba7097c7ea96bee95e1947aa84cc816d48cebb539770cdf41/rpds_py-0.24.0.tar.gz", hash = "sha256:772cc1b2cd963e7e17e6cc55fe0371fb9c704d63e44cacec7b9b7f523b78919e", size = 26863 }
wheels = [
    { url = "https://files.pythonhosted.org/packages/9d/c3/3607abc770395bc6d5a00cb66385a5479fb8cd7416ddef90393b17ef4340/rpds_py-0.24.0-cp313-cp313-macosx_10_12_x86_64.whl", hash = "sha256:3d2d8e4508e15fc05b31285c4b00ddf2e0eb94259c2dc896771966a163122a0c", size = 367072 },
    { url = "https://files.pythonhosted.org/packages/d8/35/8c7ee0fe465793e3af3298dc5a9f3013bd63e7a69df04ccfded8293a4982/rpds_py-0.24.0-cp313-cp313-macosx_11_0_arm64.whl", hash = "sha256:0f00c16e089282ad68a3820fd0c831c35d3194b7cdc31d6e469511d9bffc535c", size = 351919 },
    { url = "https://files.pythonhosted.org/packages/91/d3/7e1b972501eb5466b9aca46a9c31bcbbdc3ea5a076e9ab33f4438c1d069d/rpds_py-0.24.0-cp313-cp313-manylinux_2_17_aarch64.manylinux2014_aarch64.whl", hash = "sha256:951cc481c0c395c4a08639a469d53b7d4afa252529a085418b82a6b43c45c240", size = 390360 },
    { url = "https://files.pythonhosted.org/packages/a2/a8/ccabb50d3c91c26ad01f9b09a6a3b03e4502ce51a33867c38446df9f896b/rpds_py-0.24.0-cp313-cp313-manylinux_2_17_armv7l.manylinux2014_armv7l.whl", hash = "sha256:c9ca89938dff18828a328af41ffdf3902405a19f4131c88e22e776a8e228c5a8", size = 400704 },
    { url = "https://files.pythonhosted.org/packages/53/ae/5fa5bf0f3bc6ce21b5ea88fc0ecd3a439e7cb09dd5f9ffb3dbe1b6894fc5/rpds_py-0.24.0-cp313-cp313-manylinux_2_17_ppc64le.manylinux2014_ppc64le.whl", hash = "sha256:ed0ef550042a8dbcd657dfb284a8ee00f0ba269d3f2286b0493b15a5694f9fe8", size = 450839 },
    { url = "https://files.pythonhosted.org/packages/e3/ac/c4e18b36d9938247e2b54f6a03746f3183ca20e1edd7d3654796867f5100/rpds_py-0.24.0-cp313-cp313-manylinux_2_17_s390x.manylinux2014_s390x.whl", hash = "sha256:2b2356688e5d958c4d5cb964af865bea84db29971d3e563fb78e46e20fe1848b", size = 441494 },
    { url = "https://files.pythonhosted.org/packages/bf/08/b543969c12a8f44db6c0f08ced009abf8f519191ca6985509e7c44102e3c/rpds_py-0.24.0-cp313-cp313-manylinux_2_17_x86_64.manylinux2014_x86_64.whl", hash = "sha256:78884d155fd15d9f64f5d6124b486f3d3f7fd7cd71a78e9670a0f6f6ca06fb2d", size = 393185 },
    { url = "https://files.pythonhosted.org/packages/da/7e/f6eb6a7042ce708f9dfc781832a86063cea8a125bbe451d663697b51944f/rpds_py-0.24.0-cp313-cp313-manylinux_2_5_i686.manylinux1_i686.whl", hash = "sha256:6a4a535013aeeef13c5532f802708cecae8d66c282babb5cd916379b72110cf7", size = 426168 },
    { url = "https://files.pythonhosted.org/packages/38/b0/6cd2bb0509ac0b51af4bb138e145b7c4c902bb4b724d6fd143689d6e0383/rpds_py-0.24.0-cp313-cp313-musllinux_1_2_aarch64.whl", hash = "sha256:84e0566f15cf4d769dade9b366b7b87c959be472c92dffb70462dd0844d7cbad", size = 567622 },
    { url = "https://files.pythonhosted.org/packages/64/b0/c401f4f077547d98e8b4c2ec6526a80e7cb04f519d416430ec1421ee9e0b/rpds_py-0.24.0-cp313-cp313-musllinux_1_2_i686.whl", hash = "sha256:823e74ab6fbaa028ec89615ff6acb409e90ff45580c45920d4dfdddb069f2120", size = 595435 },
    { url = "https://files.pythonhosted.org/packages/9f/ec/7993b6e803294c87b61c85bd63e11142ccfb2373cf88a61ec602abcbf9d6/rpds_py-0.24.0-cp313-cp313-musllinux_1_2_x86_64.whl", hash = "sha256:c61a2cb0085c8783906b2f8b1f16a7e65777823c7f4d0a6aaffe26dc0d358dd9", size = 563762 },
    { url = "https://files.pythonhosted.org/packages/1f/29/4508003204cb2f461dc2b83dd85f8aa2b915bc98fe6046b9d50d4aa05401/rpds_py-0.24.0-cp313-cp313-win32.whl", hash = "sha256:60d9b630c8025b9458a9d114e3af579a2c54bd32df601c4581bd054e85258143", size = 223510 },
    { url = "https://files.pythonhosted.org/packages/f9/12/09e048d1814195e01f354155fb772fb0854bd3450b5f5a82224b3a319f0e/rpds_py-0.24.0-cp313-cp313-win_amd64.whl", hash = "sha256:6eea559077d29486c68218178ea946263b87f1c41ae7f996b1f30a983c476a5a", size = 239075 },
    { url = "https://files.pythonhosted.org/packages/d2/03/5027cde39bb2408d61e4dd0cf81f815949bb629932a6c8df1701d0257fc4/rpds_py-0.24.0-cp313-cp313t-macosx_10_12_x86_64.whl", hash = "sha256:d09dc82af2d3c17e7dd17120b202a79b578d79f2b5424bda209d9966efeed114", size = 362974 },
    { url = "https://files.pythonhosted.org/packages/bf/10/24d374a2131b1ffafb783e436e770e42dfdb74b69a2cd25eba8c8b29d861/rpds_py-0.24.0-cp313-cp313t-macosx_11_0_arm64.whl", hash = "sha256:5fc13b44de6419d1e7a7e592a4885b323fbc2f46e1f22151e3a8ed3b8b920405", size = 348730 },
    { url = "https://files.pythonhosted.org/packages/7a/d1/1ef88d0516d46cd8df12e5916966dbf716d5ec79b265eda56ba1b173398c/rpds_py-0.24.0-cp313-cp313t-manylinux_2_17_aarch64.manylinux2014_aarch64.whl", hash = "sha256:c347a20d79cedc0a7bd51c4d4b7dbc613ca4e65a756b5c3e57ec84bd43505b47", size = 387627 },
    { url = "https://files.pythonhosted.org/packages/4e/35/07339051b8b901ecefd449ebf8e5522e92bcb95e1078818cbfd9db8e573c/rpds_py-0.24.0-cp313-cp313t-manylinux_2_17_armv7l.manylinux2014_armv7l.whl", hash = "sha256:20f2712bd1cc26a3cc16c5a1bfee9ed1abc33d4cdf1aabd297fe0eb724df4272", size = 394094 },
    { url = "https://files.pythonhosted.org/packages/dc/62/ee89ece19e0ba322b08734e95441952062391065c157bbd4f8802316b4f1/rpds_py-0.24.0-cp313-cp313t-manylinux_2_17_ppc64le.manylinux2014_ppc64le.whl", hash = "sha256:aad911555286884be1e427ef0dc0ba3929e6821cbeca2194b13dc415a462c7fd", size = 449639 },
    { url = "https://files.pythonhosted.org/packages/15/24/b30e9f9e71baa0b9dada3a4ab43d567c6b04a36d1cb531045f7a8a0a7439/rpds_py-0.24.0-cp313-cp313t-manylinux_2_17_s390x.manylinux2014_s390x.whl", hash = "sha256:0aeb3329c1721c43c58cae274d7d2ca85c1690d89485d9c63a006cb79a85771a", size = 438584 },
    { url = "https://files.pythonhosted.org/packages/28/d9/49f7b8f3b4147db13961e19d5e30077cd0854ccc08487026d2cb2142aa4a/rpds_py-0.24.0-cp313-cp313t-manylinux_2_17_x86_64.manylinux2014_x86_64.whl", hash = "sha256:2a0f156e9509cee987283abd2296ec816225145a13ed0391df8f71bf1d789e2d", size = 391047 },
    { url = "https://files.pythonhosted.org/packages/49/b0/e66918d0972c33a259ba3cd7b7ff10ed8bd91dbcfcbec6367b21f026db75/rpds_py-0.24.0-cp313-cp313t-manylinux_2_5_i686.manylinux1_i686.whl", hash = "sha256:aa6800adc8204ce898c8a424303969b7aa6a5e4ad2789c13f8648739830323b7", size = 418085 },
    { url = "https://files.pythonhosted.org/packages/e1/6b/99ed7ea0a94c7ae5520a21be77a82306aac9e4e715d4435076ead07d05c6/rpds_py-0.24.0-cp313-cp313t-musllinux_1_2_aarch64.whl", hash = "sha256:a18fc371e900a21d7392517c6f60fe859e802547309e94313cd8181ad9db004d", size = 564498 },
    { url = "https://files.pythonhosted.org/packages/28/26/1cacfee6b800e6fb5f91acecc2e52f17dbf8b0796a7c984b4568b6d70e38/rpds_py-0.24.0-cp313-cp313t-musllinux_1_2_i686.whl", hash = "sha256:9168764133fd919f8dcca2ead66de0105f4ef5659cbb4fa044f7014bed9a1797", size = 590202 },
    { url = "https://files.pythonhosted.org/packages/a9/9e/57bd2f9fba04a37cef673f9a66b11ca8c43ccdd50d386c455cd4380fe461/rpds_py-0.24.0-cp313-cp313t-musllinux_1_2_x86_64.whl", hash = "sha256:5f6e3cec44ba05ee5cbdebe92d052f69b63ae792e7d05f1020ac5e964394080c", size = 561771 },
    { url = "https://files.pythonhosted.org/packages/9f/cf/b719120f375ab970d1c297dbf8de1e3c9edd26fe92c0ed7178dd94b45992/rpds_py-0.24.0-cp313-cp313t-win32.whl", hash = "sha256:8ebc7e65ca4b111d928b669713865f021b7773350eeac4a31d3e70144297baba", size = 221195 },
    { url = "https://files.pythonhosted.org/packages/2d/e5/22865285789f3412ad0c3d7ec4dc0a3e86483b794be8a5d9ed5a19390900/rpds_py-0.24.0-cp313-cp313t-win_amd64.whl", hash = "sha256:675269d407a257b8c00a6b58205b72eec8231656506c56fd429d924ca00bb350", size = 237354 },
]

[[package]]
name = "typing-extensions"
version = "4.13.2"
source = { registry = "https://pypi.org/simple" }
sdist = { url = "https://files.pythonhosted.org/packages/f6/37/23083fcd6e35492953e8d2aaaa68b860eb422b34627b13f2ce3eb6106061/typing_extensions-4.13.2.tar.gz", hash = "sha256:e6c81219bd689f51865d9e372991c540bda33a0379d5573cddb9a3a23f7caaef", size = 106967 }
wheels = [
    { url = "https://files.pythonhosted.org/packages/8b/54/b1ae86c0973cc6f0210b53d508ca3641fb6d0c56823f288d108bc7ab3cc8/typing_extensions-4.13.2-py3-none-any.whl", hash = "sha256:a439e7c04b49fec3e5d3e2beaa21755cadbbdc391694e28ccdd36ca4a1408f8c", size = 45806 },
]

[[package]]
name = "vegafusion"
version = "2.0.2"
source = { registry = "https://pypi.org/simple" }
dependencies = [
    { name = "arro3-core" },
    { name = "narwhals" },
    { name = "packaging" },
]
sdist = { url = "https://files.pythonhosted.org/packages/a2/2d/a5d4ca0cd0eff66b17f6a3788379053c893e55bd65922daf278debaa80c4/vegafusion-2.0.2.tar.gz", hash = "sha256:a7159f1e8b8af18e9706b410bf489f5a47ebab4ec7ec7524a36f9fafa07657eb", size = 6724846 }
wheels = [
    { url = "https://files.pythonhosted.org/packages/ae/e4/8c92abdfd5fa9e3e37c4eb38b0ec878c656a5017ee10a5d77eb0a0489a35/vegafusion-2.0.2-cp39-abi3-macosx_10_12_x86_64.whl", hash = "sha256:24513b4d0ba588e9c81d4ec3140f775124fd0ca091f1fac37f16a89b88177338", size = 21238147 },
    { url = "https://files.pythonhosted.org/packages/25/a5/562c3dbb27a5793646b6ca2d78e3043e484ca1e303027c6c7ca71ed55cd9/vegafusion-2.0.2-cp39-abi3-macosx_11_0_arm64.whl", hash = "sha256:f9f80eca37663997a53cf697fe353a60049d957e33b3f6476d37e915e38c3bc4", size = 19517640 },
    { url = "https://files.pythonhosted.org/packages/f0/be/ca2546a7312f701fe03a0618b52ef8cd124b188ccec8d5c6abe2cb0bec89/vegafusion-2.0.2-cp39-abi3-manylinux_2_17_x86_64.manylinux2014_x86_64.whl", hash = "sha256:da6f0edbbffcca7788ff9d72506593e5c38f44f73570d8448ed3a160f84d97b0", size = 20464564 },
    { url = "https://files.pythonhosted.org/packages/02/8f/870b73f957d95747b2e1c0882e7761192a02546f5c800aa35975459e2d6b/vegafusion-2.0.2-cp39-abi3-manylinux_2_28_aarch64.whl", hash = "sha256:9e62a24d79bc7c7a1a6ef3538d4742af2c638db1f8609566c72e38deb4afe719", size = 18820618 },
    { url = "https://files.pythonhosted.org/packages/83/ea/0845b9cbf2ad4062e8134253a1bee7f6e7aa510cc94929167a9e9389eff2/vegafusion-2.0.2-cp39-abi3-win_amd64.whl", hash = "sha256:4b50d2919f53e64eee07b615eca13c8e6617a352f736e631e45b17b5198ee86e", size = 21340444 },
]

[[package]]
name = "vegafusion-python-embed"
version = "1.6.9"
source = { registry = "https://pypi.org/simple" }
sdist = { url = "https://files.pythonhosted.org/packages/ab/87/a47809d9eb9d0c05b07393f2ff4e905659d749847db343691fc459039336/vegafusion_python_embed-1.6.9.tar.gz", hash = "sha256:6e339c236c8a15e59898cb4ab490ab3ca40af4657db588d8d766fc1f2ba80c20", size = 6752025 }
wheels = [
    { url = "https://files.pythonhosted.org/packages/f6/cf/ec89b66a970cd1f8184fd7b604c88e903cc15979cf9b846a64843aa059ab/vegafusion_python_embed-1.6.9-cp38-abi3-macosx_10_12_x86_64.whl", hash = "sha256:a778a6d5fd3147be7aaf4f25e27a01c989cd39d0bb896ef36b3ad19b853637b0", size = 20064099 },
    { url = "https://files.pythonhosted.org/packages/f7/03/cef83bd69d3590d4357c04ecf38600d626f3a78a5d75e24f26ba70f7f879/vegafusion_python_embed-1.6.9-cp38-abi3-macosx_11_0_arm64.whl", hash = "sha256:90ccc70f98b62c42ca01b7613e5d46993ae1bef54e78a856addf43aff5a77930", size = 18880371 },
    { url = "https://files.pythonhosted.org/packages/8f/44/eae3f8271a3e912bff89bdc22e254ad727a4312f8fb83f58ac019acb646e/vegafusion_python_embed-1.6.9-cp38-abi3-manylinux_2_17_x86_64.manylinux2014_x86_64.whl", hash = "sha256:75dcc14f1b911f1f6e1dd5d40e43fb33e3cf05dce3e9faa188080a9df2565dac", size = 25072935 },
    { url = "https://files.pythonhosted.org/packages/91/03/ef750d7341fe0505caeb90d754e3bcca083e627287ce5fdd0daa83706b3f/vegafusion_python_embed-1.6.9-cp38-abi3-manylinux_2_28_aarch64.whl", hash = "sha256:a248fc2bd6df198551a5705c3c9b1f11de738bd6e2f184f0e0657d65c01922b1", size = 19823682 },
    { url = "https://files.pythonhosted.org/packages/b8/0c/424b50f9cf3921b72d9e5dde5dc1750dfe2d4b958a5dd51806a617f4d8c4/vegafusion_python_embed-1.6.9-cp38-abi3-win_amd64.whl", hash = "sha256:1cc83b9c7fe91493902dae5f4ca90b7692916e5171dfd1feafd23504e9aca3b4", size = 21049718 },
]

[[package]]
name = "vl-convert-python"
version = "1.7.0"
source = { registry = "https://pypi.org/simple" }
sdist = { url = "https://files.pythonhosted.org/packages/e6/f1/43803e91e12d4ab697eedc5e14029d1630daea0c81abc6321b96a31a7dc0/vl_convert_python-1.7.0.tar.gz", hash = "sha256:bc9e1f8ca0d8d3b3789c66e37cd6a8cf0a83406427d5143133346c2b5004485b", size = 4719466 }
wheels = [
    { url = "https://files.pythonhosted.org/packages/e2/1c/b0dc67d9e51eb9d14c35c79e033a680a92418edd12a3879bb50aade597a1/vl_convert_python-1.7.0-cp37-abi3-macosx_10_12_x86_64.whl", hash = "sha256:90fba4356bd621bd31e72507a55e26dd13ebe79efa784715743116109afd0d47", size = 28233538 },
    { url = "https://files.pythonhosted.org/packages/dc/50/4b8b500f0b3c0b24ef3bec01563de412e95dbf27cfe53e403e6fa8514525/vl_convert_python-1.7.0-cp37-abi3-macosx_11_0_arm64.whl", hash = "sha256:51f99c58b1d0d74126455ece7d41972740cb4430b8dfdf7e0908270eed5be32d", size = 26940338 },
    { url = "https://files.pythonhosted.org/packages/95/0f/139568d71fadcb1be697acd2ccd0b79bd1553ca833d4448312191cd33654/vl_convert_python-1.7.0-cp37-abi3-manylinux_2_17_aarch64.manylinux2014_aarch64.whl", hash = "sha256:962100d7670b9d35f9bb9745cdf590412f62f57c134b4a142340ba93a4dbddba", size = 29124271 },
    { url = "https://files.pythonhosted.org/packages/91/3c/c34e52138fa38eb6059cdb2c603ba1433decf4f97cb89e767c04a9605eff/vl_convert_python-1.7.0-cp37-abi3-manylinux_2_17_x86_64.manylinux2014_x86_64.whl", hash = "sha256:8b50c492b640abb89a54a71e2c26f0f2d2c1cedc42030cc55bcc202670334724", size = 30089941 },
    { url = "https://files.pythonhosted.org/packages/ae/e2/c4a3fff3efcfeebaab554c9c4b027e875fd339da7f619b144765353a60d1/vl_convert_python-1.7.0-cp37-abi3-win_amd64.whl", hash = "sha256:285bbadb1ce8a922c87f6e75a9544fe10a652d37bd4c1519fb93f90bab381588", size = 29796401 },
]
